
Microsoft Visual Studio Solution File, Format Version 12.00
# Visual Studio 15
VisualStudioVersion = 15.0.26730.3
MinimumVisualStudioVersion = 10.0.40219.1
Project("{FAE04EC0-301F-11D3-BF4B-00C04F79EFBC}") = "LogMonitor", "LogMonitor\LogMonitor.csproj", "{78EE454A-DC73-46F5-BA55-1784F5275960}"
EndProject
Project("{FAE04EC0-301F-11D3-BF4B-00C04F79EFBC}") = "ControlPanels", "ControlPanels\ControlPanels.csproj", "{D9E56CD3-9A3B-49DA-8A53-86B42F331A1A}"
EndProject
Project("{FAE04EC0-301F-11D3-BF4B-00C04F79EFBC}") = "WpfFileDialogs", "WpfFileDialogs\WpfFileDialogs.csproj", "{908C2EDE-6851-48BF-9E0B-2D22C052585E}"
EndProject
Global
	GlobalSection(SolutionConfigurationPlatforms) = preSolution
		Debug|Any CPU = Debug|Any CPU
		Release|Any CPU = Release|Any CPU
	EndGlobalSection
	GlobalSection(ProjectConfigurationPlatforms) = postSolution
		{78EE454A-DC73-46F5-BA55-1784F5275960}.Debug|Any CPU.ActiveCfg = Debug|Any CPU
		{78EE454A-DC73-46F5-BA55-1784F5275960}.Debug|Any CPU.Build.0 = Debug|Any CPU
		{78EE454A-DC73-46F5-BA55-1784F5275960}.Release|Any CPU.ActiveCfg = Release|Any CPU
		{78EE454A-DC73-46F5-BA55-1784F5275960}.Release|Any CPU.Build.0 = Release|Any CPU
		{D9E56CD3-9A3B-49DA-8A53-86B42F331A1A}.Debug|Any CPU.ActiveCfg = Debug|Any CPU
		{D9E56CD3-9A3B-49DA-8A53-86B42F331A1A}.Debug|Any CPU.Build.0 = Debug|Any CPU
		{D9E56CD3-9A3B-49DA-8A53-86B42F331A1A}.Release|Any CPU.ActiveCfg = Release|Any CPU
		{D9E56CD3-9A3B-49DA-8A53-86B42F331A1A}.Release|Any CPU.Build.0 = Release|Any CPU
		{908C2EDE-6851-48BF-9E0B-2D22C052585E}.Debug|Any CPU.ActiveCfg = Debug|Any CPU
		{908C2EDE-6851-48BF-9E0B-2D22C052585E}.Debug|Any CPU.Build.0 = Debug|Any CPU
		{908C2EDE-6851-48BF-9E0B-2D22C052585E}.Release|Any CPU.ActiveCfg = Release|Any CPU
		{908C2EDE-6851-48BF-9E0B-2D22C052585E}.Release|Any CPU.Build.0 = Release|Any CPU
	EndGlobalSection
	GlobalSection(SolutionProperties) = preSolution
		HideSolutionNode = FALSE
	EndGlobalSection
	GlobalSection(ExtensibilityGlobals) = postSolution
		SolutionGuid = {C0984278-F59C-458D-8011-748F3AF1C4E9}
	EndGlobalSection
EndGlobal
